github.com/gorilla/mux v1.8.0 h1:i40aqfkR1h2SlN9hojwV5ZA91wcXFOvkdNIeFDP5koI=
github.com/gorilla/mux v1.8.0/go.mod h1:DVbg23sWSpFRCP0SfiEN6jmj59UnW/n46BH5rLB71So=
github.com/sshindesiddesh/prolog v0.0.0-20230225014220-b3e01d38d65e h1:5LBwU1jbxlb0KGaMcwi/O/HFzJF3bCeIwKuspDh6I8E=
github.com/sshindesiddesh/prolog v0.0.0-20230225014220-b3e01d38d65e/go.mod h1:CiYaaeq2+oHc57Ua0RsxX0cDXddb2ltTKL0Ojpzd3Yg=
